
Microsoft Visual Studio Solution File, Format Version 12.00
# Visual Studio 14
VisualStudioVersion = 14.0.25420.1
MinimumVisualStudioVersion = 10.0.40219.1
Project("{FAE04EC0-301F-11D3-BF4B-00C04F79EFBC}") = "WCF_exam_Excercise_Solution", "WCF_exam_Excercise_Solution\WCF_exam_Excercise_Solution.csproj", "{519F213C-45F7-4E44-A3BE-888D1EEC9DEA}"
EndProject
Project("{FAE04EC0-301F-11D3-BF4B-00C04F79EFBC}") = "WCF_Klient_Test", "WCF_Klient_Test\WCF_Klient_Test.csproj", "{7F5A7929-2C30-4C8B-868C-92094326F629}"
	ProjectSection(ProjectDependencies) = postProject
		{519F213C-45F7-4E44-A3BE-888D1EEC9DEA} = {519F213C-45F7-4E44-A3BE-888D1EEC9DEA}
	EndProjectSection
EndProject
Global
	GlobalSection(SolutionConfigurationPlatforms) = preSolution
		Debug|Any CPU = Debug|Any CPU
		Release|Any CPU = Release|Any CPU
	EndGlobalSection
	GlobalSection(ProjectConfigurationPlatforms) = postSolution
		{519F213C-45F7-4E44-A3BE-888D1EEC9DEA}.Debug|Any CPU.ActiveCfg = Debug|Any CPU
		{519F213C-45F7-4E44-A3BE-888D1EEC9DEA}.Debug|Any CPU.Build.0 = Debug|Any CPU
		{519F213C-45F7-4E44-A3BE-888D1EEC9DEA}.Release|Any CPU.ActiveCfg = Release|Any CPU
		{519F213C-45F7-4E44-A3BE-888D1EEC9DEA}.Release|Any CPU.Build.0 = Release|Any CPU
		{7F5A7929-2C30-4C8B-868C-92094326F629}.Debug|Any CPU.ActiveCfg = Debug|Any CPU
		{7F5A7929-2C30-4C8B-868C-92094326F629}.Debug|Any CPU.Build.0 = Debug|Any CPU
		{7F5A7929-2C30-4C8B-868C-92094326F629}.Release|Any CPU.ActiveCfg = Release|Any CPU
		{7F5A7929-2C30-4C8B-868C-92094326F629}.Release|Any CPU.Build.0 = Release|Any CPU
	EndGlobalSection
	GlobalSection(SolutionProperties) = preSolution
		HideSolutionNode = FALSE
	EndGlobalSection
EndGlobal
